
Microsoft Visual Studio Solution File, Format Version 12.00
# Visual Studio Version 17
VisualStudioVersion = 17.6.33723.286
MinimumVisualStudioVersion = 10.0.40219.1
Project("{FAE04EC0-301F-11D3-BF4B-00C04F79EFBC}") = "LRIDecoder", "LRIDecoder.csproj", "{52BF7D6C-8B17-4607-A54E-33B314B90FEF}"
EndProject
Global
	GlobalSection(SolutionConfigurationPlatforms) = preSolution
		Debug|Any CPU = Debug|Any CPU
		Release|Any CPU = Release|Any CPU
	EndGlobalSection
	GlobalSection(ProjectConfigurationPlatforms) = postSolution
		{52BF7D6C-8B17-4607-A54E-33B314B90FEF}.Debug|Any CPU.ActiveCfg = Debug|Any CPU
		{52BF7D6C-8B17-4607-A54E-33B314B90FEF}.Debug|Any CPU.Build.0 = Debug|Any CPU
		{52BF7D6C-8B17-4607-A54E-33B314B90FEF}.Release|Any CPU.ActiveCfg = Release|Any CPU
		{52BF7D6C-8B17-4607-A54E-33B314B90FEF}.Release|Any CPU.Build.0 = Release|Any CPU
	EndGlobalSection
	GlobalSection(SolutionProperties) = preSolution
		HideSolutionNode = FALSE
	EndGlobalSection
	GlobalSection(ExtensibilityGlobals) = postSolution
		SolutionGuid = {140CC80E-0C5F-458F-B677-E36C79F63C2A}
	EndGlobalSection
EndGlobal
